
Microsoft Visual Studio Solution File, Format Version 12.00
# Visual Studio 14
VisualStudioVersion = 14.0.25123.0
MinimumVisualStudioVersion = 10.0.40219.1
Project("{FAE04EC0-301F-11D3-BF4B-00C04F79EFBC}") = "TrackerEnabledDbContext", "TrackerEnabledDbContext\TrackerEnabledDbContext.csproj", "{69943F69-7823-4EAE-AFC0-1FF42826629D}"
EndProject
Project("{FAE04EC0-301F-11D3-BF4B-00C04F79EFBC}") = "TrackerEnabledDbContext.Common", "TrackerEnabledDbContext.Common\TrackerEnabledDbContext.Common.csproj", "{E9E2D677-81AC-4748-8309-CACD62D657F8}"
EndProject
Project("{2150E333-8FDC-42A3-9474-1A3956D46DE8}") = "Core", "Core", "{2A1F0896-BE8B-416D-B666-427BD901C49E}"
EndProject
Project("{2150E333-8FDC-42A3-9474-1A3956D46DE8}") = "Solution Items", "Solution Items", "{3E252105-E70E-47CD-8E9D-1ACD98970A75}"
	ProjectSection(SolutionItems) = preProject
		Changes.txt = Changes.txt
		nuget_TrackerEnabledDbContext-4.0.bat = nuget_TrackerEnabledDbContext-4.0.bat
		README.md = README.md
		TrackerEnabledDbContext-4.0.nuspec = TrackerEnabledDbContext-4.0.nuspec
	EndProjectSection
EndProject
Global
	GlobalSection(SolutionConfigurationPlatforms) = preSolution
		Debug|Any CPU = Debug|Any CPU
		Release|Any CPU = Release|Any CPU
	EndGlobalSection
	GlobalSection(ProjectConfigurationPlatforms) = postSolution
		{69943F69-7823-4EAE-AFC0-1FF42826629D}.Debug|Any CPU.ActiveCfg = Debug|Any CPU
		{69943F69-7823-4EAE-AFC0-1FF42826629D}.Debug|Any CPU.Build.0 = Debug|Any CPU
		{69943F69-7823-4EAE-AFC0-1FF42826629D}.Release|Any CPU.ActiveCfg = Release|Any CPU
		{69943F69-7823-4EAE-AFC0-1FF42826629D}.Release|Any CPU.Build.0 = Release|Any CPU
		{E9E2D677-81AC-4748-8309-CACD62D657F8}.Debug|Any CPU.ActiveCfg = Debug|Any CPU
		{E9E2D677-81AC-4748-8309-CACD62D657F8}.Debug|Any CPU.Build.0 = Debug|Any CPU
		{E9E2D677-81AC-4748-8309-CACD62D657F8}.Release|Any CPU.ActiveCfg = Release|Any CPU
		{E9E2D677-81AC-4748-8309-CACD62D657F8}.Release|Any CPU.Build.0 = Release|Any CPU
	EndGlobalSection
	GlobalSection(SolutionProperties) = preSolution
		HideSolutionNode = FALSE
	EndGlobalSection
	GlobalSection(NestedProjects) = preSolution
		{69943F69-7823-4EAE-AFC0-1FF42826629D} = {2A1F0896-BE8B-416D-B666-427BD901C49E}
		{E9E2D677-81AC-4748-8309-CACD62D657F8} = {2A1F0896-BE8B-416D-B666-427BD901C49E}
	EndGlobalSection
EndGlobal
